
Microsoft Visual Studio Solution File, Format Version 12.00
Project("{FAE04EC0-301F-11D3-BF4B-00C04F79EFBC}") = "Bot", "Bot\Bot.csproj", "{15F7FAB4-9EB7-4E73-B619-BDF46CC4FF98}"
EndProject
Project("{FAE04EC0-301F-11D3-BF4B-00C04F79EFBC}") = "GameLibrary", "GameLibrary\GameLibrary.csproj", "{FAE39F5C-0FF3-4AE3-B4CA-6FB16919A148}"
EndProject
Project("{2150E333-8FDC-42A3-9474-1A3956D46DE8}") = "Games", "Games", "{9C4959BF-A27C-4061-BFA4-0A866801E358}"
EndProject
Project("{FAE04EC0-301F-11D3-BF4B-00C04F79EFBC}") = "TestGame1", "TestGame1\TestGame1.csproj", "{4B886986-09F0-4D9B-9690-75AF3B140A74}"
EndProject
Global
	GlobalSection(SolutionConfigurationPlatforms) = preSolution
		Debug|Any CPU = Debug|Any CPU
		Release|Any CPU = Release|Any CPU
	EndGlobalSection
	GlobalSection(ProjectConfigurationPlatforms) = postSolution
		{15F7FAB4-9EB7-4E73-B619-BDF46CC4FF98}.Debug|Any CPU.ActiveCfg = Debug|Any CPU
		{15F7FAB4-9EB7-4E73-B619-BDF46CC4FF98}.Debug|Any CPU.Build.0 = Debug|Any CPU
		{15F7FAB4-9EB7-4E73-B619-BDF46CC4FF98}.Release|Any CPU.ActiveCfg = Release|Any CPU
		{15F7FAB4-9EB7-4E73-B619-BDF46CC4FF98}.Release|Any CPU.Build.0 = Release|Any CPU
		{FAE39F5C-0FF3-4AE3-B4CA-6FB16919A148}.Debug|Any CPU.ActiveCfg = Debug|Any CPU
		{FAE39F5C-0FF3-4AE3-B4CA-6FB16919A148}.Debug|Any CPU.Build.0 = Debug|Any CPU
		{FAE39F5C-0FF3-4AE3-B4CA-6FB16919A148}.Release|Any CPU.ActiveCfg = Release|Any CPU
		{FAE39F5C-0FF3-4AE3-B4CA-6FB16919A148}.Release|Any CPU.Build.0 = Release|Any CPU
		{4B886986-09F0-4D9B-9690-75AF3B140A74}.Debug|Any CPU.ActiveCfg = Debug|Any CPU
		{4B886986-09F0-4D9B-9690-75AF3B140A74}.Debug|Any CPU.Build.0 = Debug|Any CPU
		{4B886986-09F0-4D9B-9690-75AF3B140A74}.Release|Any CPU.ActiveCfg = Release|Any CPU
		{4B886986-09F0-4D9B-9690-75AF3B140A74}.Release|Any CPU.Build.0 = Release|Any CPU
	EndGlobalSection
	GlobalSection(NestedProjects) = preSolution
		{4B886986-09F0-4D9B-9690-75AF3B140A74} = {9C4959BF-A27C-4061-BFA4-0A866801E358}
	EndGlobalSection
EndGlobal
